
Microsoft Visual Studio Solution File, Format Version 12.00
# Visual Studio Version 16
VisualStudioVersion = 16.0.29613.14
MinimumVisualStudioVersion = 10.0.40219.1
Project("{FAE04EC0-301F-11D3-BF4B-00C04F79EFBC}") = "JwtAndRefreshTokenAuth", "JwtAndRefreshTokenAuth\JwtAndRefreshTokenAuth.csproj", "{3B0BC8A8-BB9B-4F42-A795-922D59B1D13F}"
EndProject
Global
	GlobalSection(SolutionConfigurationPlatforms) = preSolution
		Debug|Any CPU = Debug|Any CPU
		Release|Any CPU = Release|Any CPU
	EndGlobalSection
	GlobalSection(ProjectConfigurationPlatforms) = postSolution
		{3B0BC8A8-BB9B-4F42-A795-922D59B1D13F}.Debug|Any CPU.ActiveCfg = Debug|Any CPU
		{3B0BC8A8-BB9B-4F42-A795-922D59B1D13F}.Debug|Any CPU.Build.0 = Debug|Any CPU
		{3B0BC8A8-BB9B-4F42-A795-922D59B1D13F}.Release|Any CPU.ActiveCfg = Release|Any CPU
		{3B0BC8A8-BB9B-4F42-A795-922D59B1D13F}.Release|Any CPU.Build.0 = Release|Any CPU
	EndGlobalSection
	GlobalSection(SolutionProperties) = preSolution
		HideSolutionNode = FALSE
	EndGlobalSection
	GlobalSection(ExtensibilityGlobals) = postSolution
		SolutionGuid = {B4E22E93-71B0-4354-BF17-35227811E615}
	EndGlobalSection
EndGlobal
